<?xml version="1.0" encoding="UTF-8" standalone="yes" ?>
<CodeBlocks_project_file>
	<FileVersion major="1" minor="6" />
	<Project>
		<Option title="Sniffer" />
		<Option pch_mode="2" />
		<Option compiler="gcc" />
		<Build>
			<Target title="Debug">
				<Option output="bin/Debug/Sniffer" prefix_auto="1" extension_auto="1" />
				<Option object_output="obj/Debug/" />
				<Option type="1" />
				<Option compiler="gcc" />
				<Compiler>
					<Add option="-g" />
					<Add directory="include" />
				</Compiler>
				<Linker>
					<Add library="C:/WpdPack/Lib/libwpcap.a" />
					<Add library="C:/WpdPack/Lib/libpacket.a" />
					<Add library="C:/WpdPack/Lib/Packet.lib" />
					<Add library="C:/WpdPack/Lib/wpcap.lib" />
					<Add library="C:/WpdPack/Lib/x64/Packet.lib" />
					<Add library="C:/WpdPack/Lib/x64/wpcap.lib" />
				</Linker>
			</Target>
			<Target title="Release">
				<Option output="bin/Release/Sniffer" prefix_auto="1" extension_auto="1" />
				<Option object_output="obj/Release/" />
				<Option type="1" />
				<Option compiler="gcc" />
				<Compiler>
					<Add option="-O2" />
					<Add directory="include" />
				</Compiler>
				<Linker>
					<Add option="-s" />
				</Linker>
			</Target>
		</Build>
		<Compiler>
			<Add option="-Wall" />
			<Add option="-fexceptions" />
		</Compiler>
		<Unit filename="Ethernet.cpp" />
		<Unit filename="Ethernet.h" />
		<Unit filename="ICMPv4.cpp" />
		<Unit filename="ICMPv4.h" />
		<Unit filename="arpRarp.cpp" />
		<Unit filename="arpRarp.h" />
		<Unit filename="icmpv6.cpp" />
		<Unit filename="icmpv6.h" />
		<Unit filename="ipv4.cpp" />
		<Unit filename="ipv4.h" />
		<Unit filename="ipv6.cpp" />
		<Unit filename="ipv6.h" />
		<Unit filename="main.cpp" />
		<Unit filename="sniffer.cpp" />
		<Unit filename="sniffer.h" />
		<Unit filename="tcp.cpp" />
		<Unit filename="tcp.h" />
		<Unit filename="tcpv6.cpp" />
		<Unit filename="tcpv6.h" />
		<Unit filename="udp.cpp" />
		<Unit filename="udp.h" />
		<Unit filename="udpv6.cpp" />
		<Unit filename="udpv6.h" />
		<Unit filename="updv6.cpp" />
		<Extensions>
			<envvars />
			<code_completion />
			<debugger />
		</Extensions>
	</Project>
</CodeBlocks_project_file>
